
Microsoft Visual Studio Solution File, Format Version 12.00
# Visual Studio Version 16
VisualStudioVersion = 16.0.29201.188
MinimumVisualStudioVersion = 10.0.40219.1
Project("{9A19103F-16F7-4668-BE54-9A1E7A4F7556}") = "ZooSite", "ZooSite\ZooSite.csproj", "{5A3687F3-275A-44C1-BFC1-E24529E6BA4A}"
EndProject
Global
	GlobalSection(SolutionConfigurationPlatforms) = preSolution
		Debug|Any CPU = Debug|Any CPU
		Release|Any CPU = Release|Any CPU
	EndGlobalSection
	GlobalSection(ProjectConfigurationPlatforms) = postSolution
		{5A3687F3-275A-44C1-BFC1-E24529E6BA4A}.Debug|Any CPU.ActiveCfg = Debug|Any CPU
		{5A3687F3-275A-44C1-BFC1-E24529E6BA4A}.Debug|Any CPU.Build.0 = Debug|Any CPU
		{5A3687F3-275A-44C1-BFC1-E24529E6BA4A}.Release|Any CPU.ActiveCfg = Release|Any CPU
		{5A3687F3-275A-44C1-BFC1-E24529E6BA4A}.Release|Any CPU.Build.0 = Release|Any CPU
	EndGlobalSection
	GlobalSection(SolutionProperties) = preSolution
		HideSolutionNode = FALSE
	EndGlobalSection
	GlobalSection(ExtensibilityGlobals) = postSolution
		SolutionGuid = {2980A180-904E-4937-86A5-E77D6E780A29}
	EndGlobalSection
EndGlobal
